{
  "nodes": {
    "flake-utils": {
      "locked": {
        "lastModified": 1652776076,
        "narHash": "sha256-gzTw/v1vj4dOVbpBSJX4J0DwUR6LIyXo7/SuuTJp1kM=",
        "owner": "numtide",
        "repo": "flake-utils",
        "rev": "04c1b180862888302ddfb2e3ad9eaa63afc60cf8",
        "type": "github"
      },
      "original": {
        "owner": "numtide",
        "repo": "flake-utils",
        "type": "github"
      }
    },
    "nix-zmk": {
      "inputs": {
        "nixpkgs": [
          "nixpkgs"
        ]
      },
      "locked": {
        "lastModified": 1654007052,
        "narHash": "sha256-iAJQStnJgkML0jchR6Rhx4lx2YzGlHw+gCwcl0Da1c0=",
        "owner": "eraserhd",
        "repo": "nix-zmk",
        "rev": "b9c5a9d80b55594262f2e3c01ea52bc8649321fa",
        "type": "github"
      },
      "original": {
        "owner": "eraserhd",
        "repo": "nix-zmk",
        "type": "github"
      }
    },
    "nixpkgs": {
      "locked": {
        "lastModified": 1653704018,
        "narHash": "sha256-3kQ96fOzxcLDE1WyimGrwf7buN0pvnveGgijzG1uNf8=",
        "owner": "NixOS",
        "repo": "nixpkgs",
        "rev": "cce0667703fce3a1162dd252cf0864fdf83466ab",
        "type": "github"
      },
      "original": {
        "id": "nixpkgs",
        "type": "indirect"
      }
    },
    "root": {
      "inputs": {
        "flake-utils": "flake-utils",
        "nix-zmk": "nix-zmk",
        "nixpkgs": "nixpkgs"
      }
    }
  },
  "root": "root",
  "version": 7
}
