{
  "nodes": {
    "flake-utils": {
      "locked": {
        "lastModified": 1653893745,
        "narHash": "sha256-0jntwV3Z8//YwuOjzhV2sgJJPt+HY6KhU7VZUL0fKZQ=",
        "owner": "numtide",
        "repo": "flake-utils",
        "rev": "1ed9fb1935d260de5fe1c2f7ee0ebaae17ed2fa1",
        "type": "github"
      },
      "original": {
        "owner": "numtide",
        "repo": "flake-utils",
        "type": "github"
      }
    },
    "nix-zmk": {
      "inputs": {
        "nixpkgs": [
          "nixpkgs"
        ]
      },
      "locked": {
        "lastModified": 1654007815,
        "narHash": "sha256-Zvrd6ksi0UDFB/+k2FLwjBIcK2E4BvdCtpela1L9B+g=",
        "type": "git",
        "url": "file:///home/jfelice/src/nix-zmk"
      },
      "original": {
        "type": "git",
        "url": "file:///home/jfelice/src/nix-zmk"
      }
    },
    "nixpkgs": {
      "locked": {
        "lastModified": 1654007547,
        "narHash": "sha256-G812EeXZeGeGjkAvbTleGwcKFCGxdLOQb9aViOWASPc=",
        "owner": "NixOS",
        "repo": "nixpkgs",
        "rev": "5643714dea562f0161529ab23058562afeff46d0",
        "type": "github"
      },
      "original": {
        "id": "nixpkgs",
        "type": "indirect"
      }
    },
    "root": {
      "inputs": {
        "flake-utils": "flake-utils",
        "nix-zmk": "nix-zmk",
        "nixpkgs": "nixpkgs"
      }
    }
  },
  "root": "root",
  "version": 7
}
